
Microsoft Visual Studio Solution File, Format Version 12.00
# Visual Studio Version 17
VisualStudioVersion = 17.7.34031.279
MinimumVisualStudioVersion = 10.0.40219.1
Project("{FAE04EC0-301F-11D3-BF4B-00C04F79EFBC}") = "Test", "Test\Test.csproj", "{DA3CBE9C-B9AE-4A6C-BC94-E43FD567DED2}"
EndProject
Global
	GlobalSection(SolutionConfigurationPlatforms) = preSolution
		Debug|Any CPU = Debug|Any CPU
		Release|Any CPU = Release|Any CPU
	EndGlobalSection
	GlobalSection(ProjectConfigurationPlatforms) = postSolution
		{DA3CBE9C-B9AE-4A6C-BC94-E43FD567DED2}.Debug|Any CPU.ActiveCfg = Debug|Any CPU
		{DA3CBE9C-B9AE-4A6C-BC94-E43FD567DED2}.Debug|Any CPU.Build.0 = Debug|Any CPU
		{DA3CBE9C-B9AE-4A6C-BC94-E43FD567DED2}.Release|Any CPU.ActiveCfg = Release|Any CPU
		{DA3CBE9C-B9AE-4A6C-BC94-E43FD567DED2}.Release|Any CPU.Build.0 = Release|Any CPU
	EndGlobalSection
	GlobalSection(SolutionProperties) = preSolution
		HideSolutionNode = FALSE
	EndGlobalSection
	GlobalSection(ExtensibilityGlobals) = postSolution
		SolutionGuid = {2FA04275-3DFB-4D2C-8289-BB3699D4979E}
	EndGlobalSection
EndGlobal
